
Microsoft Visual Studio Solution File, Format Version 12.00
# Visual Studio 14
VisualStudioVersion = 14.0.25420.1
MinimumVisualStudioVersion = 10.0.40219.1
Project("{FAE04EC0-301F-11D3-BF4B-00C04F79EFBC}") = "ITN.Felicity.Api", "ITN.Felicity.Api\ITN.Felicity.Api.csproj", "{558BBDE9-FAE2-4A5E-ADE0-944809CDDB90}"
EndProject
Project("{FAE04EC0-301F-11D3-BF4B-00C04F79EFBC}") = "ITN.Felicity.Domain", "ITN.Felicity.Domain\ITN.Felicity.Domain.csproj", "{C54CB271-011D-4AAC-8B37-81B672048E7D}"
EndProject
Project("{FAE04EC0-301F-11D3-BF4B-00C04F79EFBC}") = "ITN.Felicity.EntityFramework", "ITN.Felicity.EntityFramework\ITN.Felicity.EntityFramework.csproj", "{43289D47-9F8C-4FDB-99A1-578646C35DEC}"
EndProject
Global
	GlobalSection(SolutionConfigurationPlatforms) = preSolution
		Debug|Any CPU = Debug|Any CPU
		Release|Any CPU = Release|Any CPU
	EndGlobalSection
	GlobalSection(ProjectConfigurationPlatforms) = postSolution
		{558BBDE9-FAE2-4A5E-ADE0-944809CDDB90}.Debug|Any CPU.ActiveCfg = Debug|Any CPU
		{558BBDE9-FAE2-4A5E-ADE0-944809CDDB90}.Debug|Any CPU.Build.0 = Debug|Any CPU
		{558BBDE9-FAE2-4A5E-ADE0-944809CDDB90}.Release|Any CPU.ActiveCfg = Release|Any CPU
		{558BBDE9-FAE2-4A5E-ADE0-944809CDDB90}.Release|Any CPU.Build.0 = Release|Any CPU
		{C54CB271-011D-4AAC-8B37-81B672048E7D}.Debug|Any CPU.ActiveCfg = Debug|Any CPU
		{C54CB271-011D-4AAC-8B37-81B672048E7D}.Debug|Any CPU.Build.0 = Debug|Any CPU
		{C54CB271-011D-4AAC-8B37-81B672048E7D}.Release|Any CPU.ActiveCfg = Release|Any CPU
		{C54CB271-011D-4AAC-8B37-81B672048E7D}.Release|Any CPU.Build.0 = Release|Any CPU
		{43289D47-9F8C-4FDB-99A1-578646C35DEC}.Debug|Any CPU.ActiveCfg = Debug|Any CPU
		{43289D47-9F8C-4FDB-99A1-578646C35DEC}.Debug|Any CPU.Build.0 = Debug|Any CPU
		{43289D47-9F8C-4FDB-99A1-578646C35DEC}.Release|Any CPU.ActiveCfg = Release|Any CPU
		{43289D47-9F8C-4FDB-99A1-578646C35DEC}.Release|Any CPU.Build.0 = Release|Any CPU
	EndGlobalSection
	GlobalSection(SolutionProperties) = preSolution
		HideSolutionNode = FALSE
	EndGlobalSection
EndGlobal
